
Microsoft Visual Studio Solution File, Format Version 12.00
# Visual Studio Version 16
VisualStudioVersion = 16.0.31515.178
MinimumVisualStudioVersion = 10.0.40219.1
Project("{FAE04EC0-301F-11D3-BF4B-00C04F79EFBC}") = "GraphicPlus", "GraphicPlus.csproj", "{06A2BC67-F2DC-4C1C-86F3-BC2F0FD6E78D}"
EndProject
Global
	GlobalSection(SolutionConfigurationPlatforms) = preSolution
		Debug|Any CPU = Debug|Any CPU
		Release|Any CPU = Release|Any CPU
	EndGlobalSection
	GlobalSection(ProjectConfigurationPlatforms) = postSolution
		{06A2BC67-F2DC-4C1C-86F3-BC2F0FD6E78D}.Debug|Any CPU.ActiveCfg = Debug|Any CPU
		{06A2BC67-F2DC-4C1C-86F3-BC2F0FD6E78D}.Debug|Any CPU.Build.0 = Debug|Any CPU
		{06A2BC67-F2DC-4C1C-86F3-BC2F0FD6E78D}.Release|Any CPU.ActiveCfg = Release|Any CPU
		{06A2BC67-F2DC-4C1C-86F3-BC2F0FD6E78D}.Release|Any CPU.Build.0 = Release|Any CPU
	EndGlobalSection
	GlobalSection(SolutionProperties) = preSolution
		HideSolutionNode = FALSE
	EndGlobalSection
	GlobalSection(ExtensibilityGlobals) = postSolution
		SolutionGuid = {37198B26-D8B8-46C7-AD31-6AEA2A244533}
	EndGlobalSection
EndGlobal
